# This file is automatically @generated by Cargo.
# It is not intended for manual editing.
version = 4

[[package]]
name = "singularity-compositor"
version = "0.0.1"

[[package]]
name = "singularity-graphics"
version = "0.0.1"

[[package]]
name = "singularity-hal"
version = "0.0.1"

[[package]]
name = "singularity-runtime"
version = "0.0.1"
